
Microsoft Visual Studio Solution File, Format Version 12.00
# Visual Studio Version 16
VisualStudioVersion = 16.0.31424.327
MinimumVisualStudioVersion = 10.0.40219.1
Project("{8BC9CEB8-8B4A-11D0-8D11-00A0C91BC942}") = "week2", "kuality_2023_01\kuality_2023_01.vcxproj", "{CC2033AB-EF0C-46D2-A44F-22EAB03F1232}"
EndProject
Project("{8BC9CEB8-8B4A-11D0-8D11-00A0C91BC942}") = "week3", "week3\week3.vcxproj", "{BFEF529A-7D98-4F16-96BE-D2E8993E1C3E}"
EndProject
Global
	GlobalSection(SolutionConfigurationPlatforms) = preSolution
		Debug|x64 = Debug|x64
		Debug|x86 = Debug|x86
		Release|x64 = Release|x64
		Release|x86 = Release|x86
	EndGlobalSection
	GlobalSection(ProjectConfigurationPlatforms) = postSolution
		{CC2033AB-EF0C-46D2-A44F-22EAB03F1232}.Debug|x64.ActiveCfg = Debug|x64
		{CC2033AB-EF0C-46D2-A44F-22EAB03F1232}.Debug|x64.Build.0 = Debug|x64
		{CC2033AB-EF0C-46D2-A44F-22EAB03F1232}.Debug|x86.ActiveCfg = Debug|Win32
		{CC2033AB-EF0C-46D2-A44F-22EAB03F1232}.Debug|x86.Build.0 = Debug|Win32
		{CC2033AB-EF0C-46D2-A44F-22EAB03F1232}.Release|x64.ActiveCfg = Release|x64
		{CC2033AB-EF0C-46D2-A44F-22EAB03F1232}.Release|x64.Build.0 = Release|x64
		{CC2033AB-EF0C-46D2-A44F-22EAB03F1232}.Release|x86.ActiveCfg = Release|Win32
		{CC2033AB-EF0C-46D2-A44F-22EAB03F1232}.Release|x86.Build.0 = Release|Win32
		{BFEF529A-7D98-4F16-96BE-D2E8993E1C3E}.Debug|x64.ActiveCfg = Debug|x64
		{BFEF529A-7D98-4F16-96BE-D2E8993E1C3E}.Debug|x64.Build.0 = Debug|x64
		{BFEF529A-7D98-4F16-96BE-D2E8993E1C3E}.Debug|x86.ActiveCfg = Debug|Win32
		{BFEF529A-7D98-4F16-96BE-D2E8993E1C3E}.Debug|x86.Build.0 = Debug|Win32
		{BFEF529A-7D98-4F16-96BE-D2E8993E1C3E}.Release|x64.ActiveCfg = Release|x64
		{BFEF529A-7D98-4F16-96BE-D2E8993E1C3E}.Release|x64.Build.0 = Release|x64
		{BFEF529A-7D98-4F16-96BE-D2E8993E1C3E}.Release|x86.ActiveCfg = Release|Win32
		{BFEF529A-7D98-4F16-96BE-D2E8993E1C3E}.Release|x86.Build.0 = Release|Win32
	EndGlobalSection
	GlobalSection(SolutionProperties) = preSolution
		HideSolutionNode = FALSE
	EndGlobalSection
	GlobalSection(ExtensibilityGlobals) = postSolution
		SolutionGuid = {57CB530E-52F3-45A5-A2DE-E036969997CB}
	EndGlobalSection
EndGlobal
